// !$*UTF8*$!
{
	archiveVersion = 1;
	classes = {
	};
	objectVersion = 56;
	objects = {

/* Begin PBXBuildFile section */
		580924CA2BDFC92A0013E6ED /* IconButton.swift in Sources */ = {isa = PBXBuildFile; fileRef = 580924C92BDFC92A0013E6ED /* IconButton.swift */; };
		58B056062BE2C090006835F7 /* SplashScreenView.swift in Sources */ = {isa = PBXBuildFile; fileRef = 58B056052BE2C090006835F7 /* SplashScreenView.swift */; };
		A8CEF81A2BDF34B200E96B74 /* AppDelegate.swift in Sources */ = {isa = PBXBuildFile; fileRef = A8CEF8192BDF34B200E96B74 /* AppDelegate.swift */; };
		A8CEF81C2BDF34B200E96B74 /* art.scnassets in Resources */ = {isa = PBXBuildFile; fileRef = A8CEF81B2BDF34B200E96B74 /* art.scnassets */; };
		A8CEF81E2BDF34B200E96B74 /* ViewController.swift in Sources */ = {isa = PBXBuildFile; fileRef = A8CEF81D2BDF34B200E96B74 /* ViewController.swift */; };
		A8CEF8212BDF34B200E96B74 /* Base in Resources */ = {isa = PBXBuildFile; fileRef = A8CEF8202BDF34B200E96B74 /* Base */; };
		A8CEF8232BDF34B300E96B74 /* Assets.xcassets in Resources */ = {isa = PBXBuildFile; fileRef = A8CEF8222BDF34B300E96B74 /* Assets.xcassets */; };
		A8CEF82B2BDF35F200E96B74 /* DrawingService.swift in Sources */ = {isa = PBXBuildFile; fileRef = A8CEF82A2BDF35F200E96B74 /* DrawingService.swift */; };
		A8CEF82E2BDF388B00E96B74 /* Constants.swift in Sources */ = {isa = PBXBuildFile; fileRef = A8CEF82D2BDF388B00E96B74 /* Constants.swift */; };
		A8CEF83B2BDF8A0D00E96B74 /* ContentView.swift in Sources */ = {isa = PBXBuildFile; fileRef = A8CEF83A2BDF8A0D00E96B74 /* ContentView.swift */; };
		A8CEF83D2BDF927200E96B74 /* ARViewContainer.swift in Sources */ = {isa = PBXBuildFile; fileRef = A8CEF83C2BDF927200E96B74 /* ARViewContainer.swift */; };
		A8CEF8482BDFA4AA00E96B74 /* ARManager.swift in Sources */ = {isa = PBXBuildFile; fileRef = A8CEF8472BDFA4AA00E96B74 /* ARManager.swift */; };
		B5634E1B2BE0A18F00720181 /* AnimateBrushColor.swift in Sources */ = {isa = PBXBuildFile; fileRef = B5634E1A2BE0A18F00720181 /* AnimateBrushColor.swift */; };
		B5634E1D2BE0A1A300720181 /* BrushColor.swift in Sources */ = {isa = PBXBuildFile; fileRef = B5634E1C2BE0A1A300720181 /* BrushColor.swift */; };
		B5979AE72BE21D7C00A23509 /* AnimateBrushSize.swift in Sources */ = {isa = PBXBuildFile; fileRef = B5979AE62BE21D7C00A23509 /* AnimateBrushSize.swift */; };
		B5979AE92BE21D8A00A23509 /* BrushSize.swift in Sources */ = {isa = PBXBuildFile; fileRef = B5979AE82BE21D8A00A23509 /* BrushSize.swift */; };
		B5979AED2BE2319F00A23509 /* Pallete.swift in Sources */ = {isa = PBXBuildFile; fileRef = B5979AEC2BE2319E00A23509 /* Pallete.swift */; };
		B5DC17572BE2BD280086BF10 /* Checker.swift in Sources */ = {isa = PBXBuildFile; fileRef = B5DC17562BE2BD280086BF10 /* Checker.swift */; };
/* End PBXBuildFile section */

/* Begin PBXFileReference section */
		580924C92BDFC92A0013E6ED /* IconButton.swift */ = {isa = PBXFileReference; lastKnownFileType = sourcecode.swift; path = IconButton.swift; sourceTree = "<group>"; };
		58B056052BE2C090006835F7 /* SplashScreenView.swift */ = {isa = PBXFileReference; lastKnownFileType = sourcecode.swift; path = SplashScreenView.swift; sourceTree = "<group>"; };
		A8CEF8162BDF34B200E96B74 /* WandARaw.app */ = {isa = PBXFileReference; explicitFileType = wrapper.application; includeInIndex = 0; path = WandARaw.app; sourceTree = BUILT_PRODUCTS_DIR; };
		A8CEF8192BDF34B200E96B74 /* AppDelegate.swift */ = {isa = PBXFileReference; lastKnownFileType = sourcecode.swift; path = AppDelegate.swift; sourceTree = "<group>"; };
		A8CEF81B2BDF34B200E96B74 /* art.scnassets */ = {isa = PBXFileReference; lastKnownFileType = wrapper.scnassets; path = art.scnassets; sourceTree = "<group>"; };
		A8CEF81D2BDF34B200E96B74 /* ViewController.swift */ = {isa = PBXFileReference; lastKnownFileType = sourcecode.swift; path = ViewController.swift; sourceTree = "<group>"; };
		A8CEF8202BDF34B200E96B74 /* Base */ = {isa = PBXFileReference; lastKnownFileType = file.storyboard; name = Base; path = Base.lproj/Main.storyboard; sourceTree = "<group>"; };
		A8CEF8222BDF34B300E96B74 /* Assets.xcassets */ = {isa = PBXFileReference; lastKnownFileType = folder.assetcatalog; path = Assets.xcassets; sourceTree = "<group>"; };
		A8CEF82A2BDF35F200E96B74 /* DrawingService.swift */ = {isa = PBXFileReference; lastKnownFileType = sourcecode.swift; path = DrawingService.swift; sourceTree = "<group>"; };
		A8CEF82D2BDF388B00E96B74 /* Constants.swift */ = {isa = PBXFileReference; lastKnownFileType = sourcecode.swift; path = Constants.swift; sourceTree = "<group>"; };
		A8CEF83A2BDF8A0D00E96B74 /* ContentView.swift */ = {isa = PBXFileReference; lastKnownFileType = sourcecode.swift; path = ContentView.swift; sourceTree = "<group>"; };
		A8CEF83C2BDF927200E96B74 /* ARViewContainer.swift */ = {isa = PBXFileReference; lastKnownFileType = sourcecode.swift; path = ARViewContainer.swift; sourceTree = "<group>"; };
		A8CEF8472BDFA4AA00E96B74 /* ARManager.swift */ = {isa = PBXFileReference; lastKnownFileType = sourcecode.swift; path = ARManager.swift; sourceTree = "<group>"; };
		B5634E1A2BE0A18F00720181 /* AnimateBrushColor.swift */ = {isa = PBXFileReference; lastKnownFileType = sourcecode.swift; path = AnimateBrushColor.swift; sourceTree = "<group>"; };
		B5634E1C2BE0A1A300720181 /* BrushColor.swift */ = {isa = PBXFileReference; lastKnownFileType = sourcecode.swift; path = BrushColor.swift; sourceTree = "<group>"; };
		B5979AE62BE21D7C00A23509 /* AnimateBrushSize.swift */ = {isa = PBXFileReference; lastKnownFileType = sourcecode.swift; path = AnimateBrushSize.swift; sourceTree = "<group>"; };
		B5979AE82BE21D8A00A23509 /* BrushSize.swift */ = {isa = PBXFileReference; lastKnownFileType = sourcecode.swift; path = BrushSize.swift; sourceTree = "<group>"; };
		B5979AEC2BE2319E00A23509 /* Pallete.swift */ = {isa = PBXFileReference; lastKnownFileType = sourcecode.swift; path = Pallete.swift; sourceTree = "<group>"; };
		B5DC17562BE2BD280086BF10 /* Checker.swift */ = {isa = PBXFileReference; lastKnownFileType = sourcecode.swift; path = Checker.swift; sourceTree = "<group>"; };
/* End PBXFileReference section */

/* Begin PBXFrameworksBuildPhase section */
		A8CEF8132BDF34B200E96B74 /* Frameworks */ = {
			isa = PBXFrameworksBuildPhase;
			buildActionMask = 2147483647;
			files = (
			);
			runOnlyForDeploymentPostprocessing = 0;
		};
/* End PBXFrameworksBuildPhase section */

/* Begin PBXGroup section */
		A8CEF80D2BDF34B200E96B74 = {
			isa = PBXGroup;
			children = (
				A8CEF8182BDF34B200E96B74 /* WandARaw */,
				A8CEF8172BDF34B200E96B74 /* Products */,
			);
			sourceTree = "<group>";
		};
		A8CEF8172BDF34B200E96B74 /* Products */ = {
			isa = PBXGroup;
			children = (
				A8CEF8162BDF34B200E96B74 /* WandARaw.app */,
			);
			name = Products;
			sourceTree = "<group>";
		};
		A8CEF8182BDF34B200E96B74 /* WandARaw */ = {
			isa = PBXGroup;
			children = (
				B5634E192BE0A17100720181 /* Components */,
				A8CEF8462BDFA49700E96B74 /* Manager */,
				A8CEF83E2BDF990500E96B74 /* AR */,
				A8CEF8392BDF89F400E96B74 /* View */,
				A8CEF82C2BDF388000E96B74 /* Constants */,
				A8CEF8292BDF35D100E96B74 /* Services */,
				A8CEF8192BDF34B200E96B74 /* AppDelegate.swift */,
				A8CEF81B2BDF34B200E96B74 /* art.scnassets */,
				A8CEF81F2BDF34B200E96B74 /* Main.storyboard */,
				A8CEF8222BDF34B300E96B74 /* Assets.xcassets */,
			);
			path = WandARaw;
			sourceTree = "<group>";
		};
		A8CEF8292BDF35D100E96B74 /* Services */ = {
			isa = PBXGroup;
			children = (
				A8CEF82A2BDF35F200E96B74 /* DrawingService.swift */,
			);
			path = Services;
			sourceTree = "<group>";
		};
		A8CEF82C2BDF388000E96B74 /* Constants */ = {
			isa = PBXGroup;
			children = (
				A8CEF82D2BDF388B00E96B74 /* Constants.swift */,
			);
			path = Constants;
			sourceTree = "<group>";
		};
		A8CEF8392BDF89F400E96B74 /* View */ = {
			isa = PBXGroup;
			children = (
				A8CEF83A2BDF8A0D00E96B74 /* ContentView.swift */,
				580924C92BDFC92A0013E6ED /* IconButton.swift */,
				58B056052BE2C090006835F7 /* SplashScreenView.swift */,
			);
			path = View;
			sourceTree = "<group>";
		};
		A8CEF83E2BDF990500E96B74 /* AR */ = {
			isa = PBXGroup;
			children = (
				A8CEF83C2BDF927200E96B74 /* ARViewContainer.swift */,
				A8CEF81D2BDF34B200E96B74 /* ViewController.swift */,
			);
			path = AR;
			sourceTree = "<group>";
		};
		A8CEF8462BDFA49700E96B74 /* Manager */ = {
			isa = PBXGroup;
			children = (
				A8CEF8472BDFA4AA00E96B74 /* ARManager.swift */,
			);
			path = Manager;
			sourceTree = "<group>";
		};
		B5634E192BE0A17100720181 /* Components */ = {
			isa = PBXGroup;
			children = (
				B5634E1A2BE0A18F00720181 /* AnimateBrushColor.swift */,
				B5DC17562BE2BD280086BF10 /* Checker.swift */,
				B5634E1C2BE0A1A300720181 /* BrushColor.swift */,
				B5979AE62BE21D7C00A23509 /* AnimateBrushSize.swift */,
				B5979AE82BE21D8A00A23509 /* BrushSize.swift */,
				B5979AEC2BE2319E00A23509 /* Pallete.swift */,
			);
			path = Components;
			sourceTree = "<group>";
		};
/* End PBXGroup section */

/* Begin PBXNativeTarget section */
		A8CEF8152BDF34B200E96B74 /* WandARaw */ = {
			isa = PBXNativeTarget;
			buildConfigurationList = A8CEF8262BDF34B300E96B74 /* Build configuration list for PBXNativeTarget "WandARaw" */;
			buildPhases = (
				A8CEF8122BDF34B200E96B74 /* Sources */,
				A8CEF8132BDF34B200E96B74 /* Frameworks */,
				A8CEF8142BDF34B200E96B74 /* Resources */,
			);
			buildRules = (
			);
			dependencies = (
			);
			name = WandARaw;
			productName = WandARaw;
			productReference = A8CEF8162BDF34B200E96B74 /* WandARaw.app */;
			productType = "com.apple.product-type.application";
		};
/* End PBXNativeTarget section */

/* Begin PBXProject section */
		A8CEF80E2BDF34B200E96B74 /* Project object */ = {
			isa = PBXProject;
			attributes = {
				BuildIndependentTargetsInParallel = 1;
				LastSwiftUpdateCheck = 1530;
				LastUpgradeCheck = 1530;
				TargetAttributes = {
					A8CEF8152BDF34B200E96B74 = {
						CreatedOnToolsVersion = 15.3;
					};
				};
			};
			buildConfigurationList = A8CEF8112BDF34B200E96B74 /* Build configuration list for PBXProject "WandARaw" */;
			compatibilityVersion = "Xcode 14.0";
			developmentRegion = en;
			hasScannedForEncodings = 0;
			knownRegions = (
				en,
				Base,
			);
			mainGroup = A8CEF80D2BDF34B200E96B74;
			productRefGroup = A8CEF8172BDF34B200E96B74 /* Products */;
			projectDirPath = "";
			projectRoot = "";
			targets = (
				A8CEF8152BDF34B200E96B74 /* WandARaw */,
			);
		};
/* End PBXProject section */

/* Begin PBXResourcesBuildPhase section */
		A8CEF8142BDF34B200E96B74 /* Resources */ = {
			isa = PBXResourcesBuildPhase;
			buildActionMask = 2147483647;
			files = (
				A8CEF81C2BDF34B200E96B74 /* art.scnassets in Resources */,
				A8CEF8232BDF34B300E96B74 /* Assets.xcassets in Resources */,
				A8CEF8212BDF34B200E96B74 /* Base in Resources */,
			);
			runOnlyForDeploymentPostprocessing = 0;
		};
/* End PBXResourcesBuildPhase section */

/* Begin PBXSourcesBuildPhase section */
		A8CEF8122BDF34B200E96B74 /* Sources */ = {
			isa = PBXSourcesBuildPhase;
			buildActionMask = 2147483647;
			files = (
				580924CA2BDFC92A0013E6ED /* IconButton.swift in Sources */,
				A8CEF81E2BDF34B200E96B74 /* ViewController.swift in Sources */,
				B5979AE92BE21D8A00A23509 /* BrushSize.swift in Sources */,
				B5634E1D2BE0A1A300720181 /* BrushColor.swift in Sources */,
				A8CEF8482BDFA4AA00E96B74 /* ARManager.swift in Sources */,
				58B056062BE2C090006835F7 /* SplashScreenView.swift in Sources */,
				B5634E1B2BE0A18F00720181 /* AnimateBrushColor.swift in Sources */,
				A8CEF83B2BDF8A0D00E96B74 /* ContentView.swift in Sources */,
				A8CEF81A2BDF34B200E96B74 /* AppDelegate.swift in Sources */,
				A8CEF82B2BDF35F200E96B74 /* DrawingService.swift in Sources */,
				A8CEF82E2BDF388B00E96B74 /* Constants.swift in Sources */,
				A8CEF83D2BDF927200E96B74 /* ARViewContainer.swift in Sources */,
				B5979AE72BE21D7C00A23509 /* AnimateBrushSize.swift in Sources */,
				B5979AED2BE2319F00A23509 /* Pallete.swift in Sources */,
			);
			runOnlyForDeploymentPostprocessing = 0;
		};
/* End PBXSourcesBuildPhase section */

/* Begin PBXVariantGroup section */
		A8CEF81F2BDF34B200E96B74 /* Main.storyboard */ = {
			isa = PBXVariantGroup;
			children = (
				A8CEF8202BDF34B200E96B74 /* Base */,
			);
			name = Main.storyboard;
			sourceTree = "<group>";
		};
/* End PBXVariantGroup section */

/* Begin XCBuildConfiguration section */
		A8CEF8242BDF34B300E96B74 /* Debug */ = {
			isa = XCBuildConfiguration;
			buildSettings = {
				ALWAYS_SEARCH_USER_PATHS = NO;
				ASSETCATALOG_COMPILER_GENERATE_SWIFT_ASSET_SYMBOL_EXTENSIONS = YES;
				CLANG_ANALYZER_NONNULL = YES;
				CLANG_ANALYZER_NUMBER_OBJECT_CONVERSION = YES_AGGRESSIVE;
				CLANG_CXX_LANGUAGE_STANDARD = "gnu++20";
				CLANG_ENABLE_MODULES = YES;
				CLANG_ENABLE_OBJC_ARC = YES;
				CLANG_ENABLE_OBJC_WEAK = YES;
				CLANG_WARN_BLOCK_CAPTURE_AUTORELEASING = YES;
				CLANG_WARN_BOOL_CONVERSION = YES;
				CLANG_WARN_COMMA = YES;
				CLANG_WARN_CONSTANT_CONVERSION = YES;
				CLANG_WARN_DEPRECATED_OBJC_IMPLEMENTATIONS = YES;
				CLANG_WARN_DIRECT_OBJC_ISA_USAGE = YES_ERROR;
				CLANG_WARN_DOCUMENTATION_COMMENTS = YES;
				CLANG_WARN_EMPTY_BODY = YES;
				CLANG_WARN_ENUM_CONVERSION = YES;
				CLANG_WARN_INFINITE_RECURSION = YES;
				CLANG_WARN_INT_CONVERSION = YES;
				CLANG_WARN_NON_LITERAL_NULL_CONVERSION = YES;
				CLANG_WARN_OBJC_IMPLICIT_RETAIN_SELF = YES;
				CLANG_WARN_OBJC_LITERAL_CONVERSION = YES;
				CLANG_WARN_OBJC_ROOT_CLASS = YES_ERROR;
				CLANG_WARN_QUOTED_INCLUDE_IN_FRAMEWORK_HEADER = YES;
				CLANG_WARN_RANGE_LOOP_ANALYSIS = YES;
				CLANG_WARN_STRICT_PROTOTYPES = YES;
				CLANG_WARN_SUSPICIOUS_MOVE = YES;
				CLANG_WARN_UNGUARDED_AVAILABILITY = YES_AGGRESSIVE;
				CLANG_WARN_UNREACHABLE_CODE = YES;
				CLANG_WARN__DUPLICATE_METHOD_MATCH = YES;
				COPY_PHASE_STRIP = NO;
				DEBUG_INFORMATION_FORMAT = dwarf;
				ENABLE_STRICT_OBJC_MSGSEND = YES;
				ENABLE_TESTABILITY = YES;
				ENABLE_USER_SCRIPT_SANDBOXING = YES;
				GCC_C_LANGUAGE_STANDARD = gnu17;
				GCC_DYNAMIC_NO_PIC = NO;
				GCC_NO_COMMON_BLOCKS = YES;
				GCC_OPTIMIZATION_LEVEL = 0;
				GCC_PREPROCESSOR_DEFINITIONS = (
					"DEBUG=1",
					"$(inherited)",
				);
				GCC_WARN_64_TO_32_BIT_CONVERSION = YES;
				GCC_WARN_ABOUT_RETURN_TYPE = YES_ERROR;
				GCC_WARN_UNDECLARED_SELECTOR = YES;
				GCC_WARN_UNINITIALIZED_AUTOS = YES_AGGRESSIVE;
				GCC_WARN_UNUSED_FUNCTION = YES;
				GCC_WARN_UNUSED_VARIABLE = YES;
				IPHONEOS_DEPLOYMENT_TARGET = 17.4;
				LOCALIZATION_PREFERS_STRING_CATALOGS = YES;
				MTL_ENABLE_DEBUG_INFO = INCLUDE_SOURCE;
				MTL_FAST_MATH = YES;
				ONLY_ACTIVE_ARCH = YES;
				SDKROOT = iphoneos;
				SWIFT_ACTIVE_COMPILATION_CONDITIONS = "DEBUG $(inherited)";
				SWIFT_OPTIMIZATION_LEVEL = "-Onone";
			};
			name = Debug;
		};
		A8CEF8252BDF34B300E96B74 /* Release */ = {
			isa = XCBuildConfiguration;
			buildSettings = {
				ALWAYS_SEARCH_USER_PATHS = NO;
				ASSETCATALOG_COMPILER_GENERATE_SWIFT_ASSET_SYMBOL_EXTENSIONS = YES;
				CLANG_ANALYZER_NONNULL = YES;
				CLANG_ANALYZER_NUMBER_OBJECT_CONVERSION = YES_AGGRESSIVE;
				CLANG_CXX_LANGUAGE_STANDARD = "gnu++20";
				CLANG_ENABLE_MODULES = YES;
				CLANG_ENABLE_OBJC_ARC = YES;
				CLANG_ENABLE_OBJC_WEAK = YES;
				CLANG_WARN_BLOCK_CAPTURE_AUTORELEASING = YES;
				CLANG_WARN_BOOL_CONVERSION = YES;
				CLANG_WARN_COMMA = YES;
				CLANG_WARN_CONSTANT_CONVERSION = YES;
				CLANG_WARN_DEPRECATED_OBJC_IMPLEMENTATIONS = YES;
				CLANG_WARN_DIRECT_OBJC_ISA_USAGE = YES_ERROR;
				CLANG_WARN_DOCUMENTATION_COMMENTS = YES;
				CLANG_WARN_EMPTY_BODY = YES;
				CLANG_WARN_ENUM_CONVERSION = YES;
				CLANG_WARN_INFINITE_RECURSION = YES;
				CLANG_WARN_INT_CONVERSION = YES;
				CLANG_WARN_NON_LITERAL_NULL_CONVERSION = YES;
				CLANG_WARN_OBJC_IMPLICIT_RETAIN_SELF = YES;
				CLANG_WARN_OBJC_LITERAL_CONVERSION = YES;
				CLANG_WARN_OBJC_ROOT_CLASS = YES_ERROR;
				CLANG_WARN_QUOTED_INCLUDE_IN_FRAMEWORK_HEADER = YES;
				CLANG_WARN_RANGE_LOOP_ANALYSIS = YES;
				CLANG_WARN_STRICT_PROTOTYPES = YES;
				CLANG_WARN_SUSPICIOUS_MOVE = YES;
				CLANG_WARN_UNGUARDED_AVAILABILITY = YES_AGGRESSIVE;
				CLANG_WARN_UNREACHABLE_CODE = YES;
				CLANG_WARN__DUPLICATE_METHOD_MATCH = YES;
				COPY_PHASE_STRIP = NO;
				DEBUG_INFORMATION_FORMAT = "dwarf-with-dsym";
				ENABLE_NS_ASSERTIONS = NO;
				ENABLE_STRICT_OBJC_MSGSEND = YES;
				ENABLE_USER_SCRIPT_SANDBOXING = YES;
				GCC_C_LANGUAGE_STANDARD = gnu17;
				GCC_NO_COMMON_BLOCKS = YES;
				GCC_WARN_64_TO_32_BIT_CONVERSION = YES;
				GCC_WARN_ABOUT_RETURN_TYPE = YES_ERROR;
				GCC_WARN_UNDECLARED_SELECTOR = YES;
				GCC_WARN_UNINITIALIZED_AUTOS = YES_AGGRESSIVE;
				GCC_WARN_UNUSED_FUNCTION = YES;
				GCC_WARN_UNUSED_VARIABLE = YES;
				IPHONEOS_DEPLOYMENT_TARGET = 17.4;
				LOCALIZATION_PREFERS_STRING_CATALOGS = YES;
				MTL_ENABLE_DEBUG_INFO = NO;
				MTL_FAST_MATH = YES;
				SDKROOT = iphoneos;
				SWIFT_COMPILATION_MODE = wholemodule;
				VALIDATE_PRODUCT = YES;
			};
			name = Release;
		};
		A8CEF8272BDF34B300E96B74 /* Debug */ = {
			isa = XCBuildConfiguration;
			buildSettings = {
				ASSETCATALOG_COMPILER_APPICON_NAME = AppIcon;
				ASSETCATALOG_COMPILER_GLOBAL_ACCENT_COLOR_NAME = AccentColor;
				CODE_SIGN_STYLE = Automatic;
				CURRENT_PROJECT_VERSION = 1;
				DEVELOPMENT_TEAM = VR8745VKZG;
				GENERATE_INFOPLIST_FILE = YES;
				INFOPLIST_KEY_NSCameraUsageDescription = "";
				INFOPLIST_KEY_UIApplicationSupportsIndirectInputEvents = YES;
				INFOPLIST_KEY_UILaunchStoryboardName = "";
				INFOPLIST_KEY_UIMainStoryboardFile = Main;
				INFOPLIST_KEY_UIRequiredDeviceCapabilities = arkit;
				INFOPLIST_KEY_UIStatusBarHidden = YES;
				INFOPLIST_KEY_UISupportedInterfaceOrientations_iPad = "UIInterfaceOrientationPortrait UIInterfaceOrientationPortraitUpsideDown UIInterfaceOrientationLandscapeLeft UIInterfaceOrientationLandscapeRight";
				INFOPLIST_KEY_UISupportedInterfaceOrientations_iPhone = "UIInterfaceOrientationPortrait UIInterfaceOrientationLandscapeLeft UIInterfaceOrientationLandscapeRight";
				IPHONEOS_DEPLOYMENT_TARGET = 17.2;
				LD_RUNPATH_SEARCH_PATHS = (
					"$(inherited)",
					"@executable_path/Frameworks",
				);
				MARKETING_VERSION = 1.0;
				PRODUCT_BUNDLE_IDENTIFIER = Sherly.WandARaw;
				PRODUCT_NAME = "$(TARGET_NAME)";
				SWIFT_EMIT_LOC_STRINGS = YES;
				SWIFT_VERSION = 5.0;
				TARGETED_DEVICE_FAMILY = "1,2";
			};
			name = Debug;
		};
		A8CEF8282BDF34B300E96B74 /* Release */ = {
			isa = XCBuildConfiguration;
			buildSettings = {
				ASSETCATALOG_COMPILER_APPICON_NAME = AppIcon;
				ASSETCATALOG_COMPILER_GLOBAL_ACCENT_COLOR_NAME = AccentColor;
				CODE_SIGN_STYLE = Automatic;
				CURRENT_PROJECT_VERSION = 1;
				DEVELOPMENT_TEAM = VR8745VKZG;
				GENERATE_INFOPLIST_FILE = YES;
				INFOPLIST_KEY_NSCameraUsageDescription = "";
				INFOPLIST_KEY_UIApplicationSupportsIndirectInputEvents = YES;
				INFOPLIST_KEY_UILaunchStoryboardName = "";
				INFOPLIST_KEY_UIMainStoryboardFile = Main;
				INFOPLIST_KEY_UIRequiredDeviceCapabilities = arkit;
				INFOPLIST_KEY_UIStatusBarHidden = YES;
				INFOPLIST_KEY_UISupportedInterfaceOrientations_iPad = "UIInterfaceOrientationPortrait UIInterfaceOrientationPortraitUpsideDown UIInterfaceOrientationLandscapeLeft UIInterfaceOrientationLandscapeRight";
				INFOPLIST_KEY_UISupportedInterfaceOrientations_iPhone = "UIInterfaceOrientationPortrait UIInterfaceOrientationLandscapeLeft UIInterfaceOrientationLandscapeRight";
				IPHONEOS_DEPLOYMENT_TARGET = 17.2;
				LD_RUNPATH_SEARCH_PATHS = (
					"$(inherited)",
					"@executable_path/Frameworks",
				);
				MARKETING_VERSION = 1.0;
				PRODUCT_BUNDLE_IDENTIFIER = Sherly.WandARaw;
				PRODUCT_NAME = "$(TARGET_NAME)";
				SWIFT_EMIT_LOC_STRINGS = YES;
				SWIFT_VERSION = 5.0;
				TARGETED_DEVICE_FAMILY = "1,2";
			};
			name = Release;
		};
/* End XCBuildConfiguration section */

/* Begin XCConfigurationList section */
		A8CEF8112BDF34B200E96B74 /* Build configuration list for PBXProject "WandARaw" */ = {
			isa = XCConfigurationList;
			buildConfigurations = (
				A8CEF8242BDF34B300E96B74 /* Debug */,
				A8CEF8252BDF34B300E96B74 /* Release */,
			);
			defaultConfigurationIsVisible = 0;
			defaultConfigurationName = Release;
		};
		A8CEF8262BDF34B300E96B74 /* Build configuration list for PBXNativeTarget "WandARaw" */ = {
			isa = XCConfigurationList;
			buildConfigurations = (
				A8CEF8272BDF34B300E96B74 /* Debug */,
				A8CEF8282BDF34B300E96B74 /* Release */,
			);
			defaultConfigurationIsVisible = 0;
			defaultConfigurationName = Release;
		};
/* End XCConfigurationList section */
	};
	rootObject = A8CEF80E2BDF34B200E96B74 /* Project object */;
}
